PODS:
  - Flutter (1.0.0)
  - permission (0.0.1):
    - Flutter

DEPENDENCIES:
  - Flutter (from `.symlinks/flutter/ios`)
  - permission (from `.symlinks/plugins/permission/ios`)

EXTERNAL SOURCES:
  Flutter:
    :path: ".symlinks/flutter/ios"
  permission:
    :path: ".symlinks/plugins/permission/ios"

SPEC CHECKSUMS:
  Flutter: 58dd7d1b27887414a370fcccb9e645c08ffd7a6a
  permission: 51e2d3a8ef3490da0537667d7f1a6a1c5ba8ec47

PODFILE CHECKSUM: 1e5af4103afd21ca5ead147d7b81d06f494f51a2

COCOAPODS: 1.6.0
